
Microsoft Visual Studio Solution File, Format Version 12.00
# Visual Studio Version 16
VisualStudioVersion = 16.0.30907.101
MinimumVisualStudioVersion = 10.0.40219.1
Project("{FAE04EC0-301F-11D3-BF4B-00C04F79EFBC}") = "Palindrome", "Palindrome\Palindrome.csproj", "{471515DD-0976-4F72-A46F-61AF3E9EC613}"
EndProject
Global
	GlobalSection(SolutionConfigurationPlatforms) = preSolution
		Debug|Any CPU = Debug|Any CPU
		Release|Any CPU = Release|Any CPU
	EndGlobalSection
	GlobalSection(ProjectConfigurationPlatforms) = postSolution
		{471515DD-0976-4F72-A46F-61AF3E9EC613}.Debug|Any CPU.ActiveCfg = Debug|Any CPU
		{471515DD-0976-4F72-A46F-61AF3E9EC613}.Debug|Any CPU.Build.0 = Debug|Any CPU
		{471515DD-0976-4F72-A46F-61AF3E9EC613}.Release|Any CPU.ActiveCfg = Release|Any CPU
		{471515DD-0976-4F72-A46F-61AF3E9EC613}.Release|Any CPU.Build.0 = Release|Any CPU
	EndGlobalSection
	GlobalSection(SolutionProperties) = preSolution
		HideSolutionNode = FALSE
	EndGlobalSection
	GlobalSection(ExtensibilityGlobals) = postSolution
		SolutionGuid = {28324E1F-65B1-4051-A9B6-A278D1C318A2}
	EndGlobalSection
EndGlobal
